
Microsoft Visual Studio Solution File, Format Version 12.00
# Visual Studio Version 16
VisualStudioVersion = 16.0.28711.60
MinimumVisualStudioVersion = 10.0.40219.1
Project("{9A19103F-16F7-4668-BE54-9A1E7A4F7556}") = "Quiltoni.PixelBot.Relay", "Quiltoni.PixelBot.Relay\Quiltoni.PixelBot.Relay.csproj", "{C08432CA-DE89-4550-850C-682A77AB7953}"
EndProject
Project("{9A19103F-16F7-4668-BE54-9A1E7A4F7556}") = "Quiltoni.PixelBot.Core", "Quiltoni.PixelBot.Core\Quiltoni.PixelBot.Core.csproj", "{03AB9C6F-ADBF-49D8-B957-5A9C229C02B1}"
EndProject
Project("{2150E333-8FDC-42A3-9474-1A3956D46DE8}") = "0. SolutionItems", "0. SolutionItems", "{C5967143-96DF-4726-85AC-B7B40DE2A339}"
	ProjectSection(SolutionItems) = preProject
		.editorconfig = .editorconfig
		Directory.Build.props = Directory.Build.props
		.config\dotnet-tools.json = .config\dotnet-tools.json
		global.json = global.json
		Build\props\Project.BuildProperties.props = Build\props\Project.BuildProperties.props
		README.md = README.md
	EndProjectSection
EndProject
Project("{9A19103F-16F7-4668-BE54-9A1E7A4F7556}") = "PixelBot.Orchestrator", "PixelBot.Orchestrator\PixelBot.Orchestrator.csproj", "{C68CFF33-594D-40B0-9CD9-7AB18FCA8486}"
	ProjectSection(ProjectDependencies) = postProject
		{41F9D724-B454-4018-A220-5C4B37CB5D14} = {41F9D724-B454-4018-A220-5C4B37CB5D14}
	EndProjectSection
EndProject
Project("{9A19103F-16F7-4668-BE54-9A1E7A4F7556}") = "PixelBot.Workers", "PixelBot.Workers\PixelBot.Workers.csproj", "{82346639-FB33-468E-9BBE-12153506700A}"
EndProject
Project("{2150E333-8FDC-42A3-9474-1A3956D46DE8}") = "1. Source", "1. Source", "{D55C59AE-D5C9-42C4-A626-5F1FD54F3C80}"
EndProject
Project("{9A19103F-16F7-4668-BE54-9A1E7A4F7556}") = "PixelBot.Games.GuessGame", "PixelBot.Games.GuessGame\PixelBot.Games.GuessGame.csproj", "{9DE821AE-A4B3-45EA-BFE3-3057CE75846B}"
EndProject
Project("{9A19103F-16F7-4668-BE54-9A1E7A4F7556}") = "PixelBot.Google", "PixelBot.Google\PixelBot.Google.csproj", "{EC82777A-FC02-4874-BBE1-84F46415E799}"
EndProject
Project("{9A19103F-16F7-4668-BE54-9A1E7A4F7556}") = "PixelBot.StandardFeatures", "PixelBot.StandardFeatures\PixelBot.StandardFeatures.csproj", "{41F9D724-B454-4018-A220-5C4B37CB5D14}"
EndProject
Project("{9A19103F-16F7-4668-BE54-9A1E7A4F7556}") = "PixelBot.UI", "PixelBot.UI\PixelBot.UI.csproj", "{84564158-C1E8-4985-B9CE-E3300F8BAD8C}"
EndProject
Global
	GlobalSection(SolutionConfigurationPlatforms) = preSolution
		CIChecks|Any CPU = CIChecks|Any CPU
		Debug|Any CPU = Debug|Any CPU
		Release|Any CPU = Release|Any CPU
	EndGlobalSection
	GlobalSection(ProjectConfigurationPlatforms) = postSolution
		{C08432CA-DE89-4550-850C-682A77AB7953}.CIChecks|Any CPU.ActiveCfg = CIChecks|Any CPU
		{C08432CA-DE89-4550-850C-682A77AB7953}.CIChecks|Any CPU.Build.0 = CIChecks|Any CPU
		{C08432CA-DE89-4550-850C-682A77AB7953}.Debug|Any CPU.ActiveCfg = Debug|Any CPU
		{C08432CA-DE89-4550-850C-682A77AB7953}.Debug|Any CPU.Build.0 = Debug|Any CPU
		{C08432CA-DE89-4550-850C-682A77AB7953}.Release|Any CPU.ActiveCfg = Release|Any CPU
		{C08432CA-DE89-4550-850C-682A77AB7953}.Release|Any CPU.Build.0 = Release|Any CPU
		{03AB9C6F-ADBF-49D8-B957-5A9C229C02B1}.CIChecks|Any CPU.ActiveCfg = CIChecks|Any CPU
		{03AB9C6F-ADBF-49D8-B957-5A9C229C02B1}.CIChecks|Any CPU.Build.0 = CIChecks|Any CPU
		{03AB9C6F-ADBF-49D8-B957-5A9C229C02B1}.Debug|Any CPU.ActiveCfg = Debug|Any CPU
		{03AB9C6F-ADBF-49D8-B957-5A9C229C02B1}.Debug|Any CPU.Build.0 = Debug|Any CPU
		{03AB9C6F-ADBF-49D8-B957-5A9C229C02B1}.Release|Any CPU.ActiveCfg = Release|Any CPU
		{03AB9C6F-ADBF-49D8-B957-5A9C229C02B1}.Release|Any CPU.Build.0 = Release|Any CPU
		{C68CFF33-594D-40B0-9CD9-7AB18FCA8486}.CIChecks|Any CPU.ActiveCfg = CIChecks|Any CPU
		{C68CFF33-594D-40B0-9CD9-7AB18FCA8486}.CIChecks|Any CPU.Build.0 = CIChecks|Any CPU
		{C68CFF33-594D-40B0-9CD9-7AB18FCA8486}.Debug|Any CPU.ActiveCfg = Debug|Any CPU
		{C68CFF33-594D-40B0-9CD9-7AB18FCA8486}.Debug|Any CPU.Build.0 = Debug|Any CPU
		{C68CFF33-594D-40B0-9CD9-7AB18FCA8486}.Release|Any CPU.ActiveCfg = Release|Any CPU
		{C68CFF33-594D-40B0-9CD9-7AB18FCA8486}.Release|Any CPU.Build.0 = Release|Any CPU
		{82346639-FB33-468E-9BBE-12153506700A}.CIChecks|Any CPU.ActiveCfg = CIChecks|Any CPU
		{82346639-FB33-468E-9BBE-12153506700A}.CIChecks|Any CPU.Build.0 = CIChecks|Any CPU
		{82346639-FB33-468E-9BBE-12153506700A}.Debug|Any CPU.ActiveCfg = Debug|Any CPU
		{82346639-FB33-468E-9BBE-12153506700A}.Debug|Any CPU.Build.0 = Debug|Any CPU
		{82346639-FB33-468E-9BBE-12153506700A}.Release|Any CPU.ActiveCfg = Release|Any CPU
		{82346639-FB33-468E-9BBE-12153506700A}.Release|Any CPU.Build.0 = Release|Any CPU
		{9DE821AE-A4B3-45EA-BFE3-3057CE75846B}.CIChecks|Any CPU.ActiveCfg = CIChecks|Any CPU
		{9DE821AE-A4B3-45EA-BFE3-3057CE75846B}.CIChecks|Any CPU.Build.0 = CIChecks|Any CPU
		{9DE821AE-A4B3-45EA-BFE3-3057CE75846B}.Debug|Any CPU.ActiveCfg = Debug|Any CPU
		{9DE821AE-A4B3-45EA-BFE3-3057CE75846B}.Debug|Any CPU.Build.0 = Debug|Any CPU
		{9DE821AE-A4B3-45EA-BFE3-3057CE75846B}.Release|Any CPU.ActiveCfg = Release|Any CPU
		{9DE821AE-A4B3-45EA-BFE3-3057CE75846B}.Release|Any CPU.Build.0 = Release|Any CPU
		{EC82777A-FC02-4874-BBE1-84F46415E799}.CIChecks|Any CPU.ActiveCfg = CIChecks|Any CPU
		{EC82777A-FC02-4874-BBE1-84F46415E799}.CIChecks|Any CPU.Build.0 = CIChecks|Any CPU
		{EC82777A-FC02-4874-BBE1-84F46415E799}.Debug|Any CPU.ActiveCfg = Debug|Any CPU
		{EC82777A-FC02-4874-BBE1-84F46415E799}.Debug|Any CPU.Build.0 = Debug|Any CPU
		{EC82777A-FC02-4874-BBE1-84F46415E799}.Release|Any CPU.ActiveCfg = Release|Any CPU
		{EC82777A-FC02-4874-BBE1-84F46415E799}.Release|Any CPU.Build.0 = Release|Any CPU
		{41F9D724-B454-4018-A220-5C4B37CB5D14}.CIChecks|Any CPU.ActiveCfg = CIChecks|Any CPU
		{41F9D724-B454-4018-A220-5C4B37CB5D14}.CIChecks|Any CPU.Build.0 = CIChecks|Any CPU
		{41F9D724-B454-4018-A220-5C4B37CB5D14}.Debug|Any CPU.ActiveCfg = Debug|Any CPU
		{41F9D724-B454-4018-A220-5C4B37CB5D14}.Debug|Any CPU.Build.0 = Debug|Any CPU
		{41F9D724-B454-4018-A220-5C4B37CB5D14}.Release|Any CPU.ActiveCfg = Release|Any CPU
		{41F9D724-B454-4018-A220-5C4B37CB5D14}.Release|Any CPU.Build.0 = Release|Any CPU
		{84564158-C1E8-4985-B9CE-E3300F8BAD8C}.CIChecks|Any CPU.ActiveCfg = CIChecks|Any CPU
		{84564158-C1E8-4985-B9CE-E3300F8BAD8C}.CIChecks|Any CPU.Build.0 = CIChecks|Any CPU
		{84564158-C1E8-4985-B9CE-E3300F8BAD8C}.Debug|Any CPU.ActiveCfg = Debug|Any CPU
		{84564158-C1E8-4985-B9CE-E3300F8BAD8C}.Debug|Any CPU.Build.0 = Debug|Any CPU
		{84564158-C1E8-4985-B9CE-E3300F8BAD8C}.Release|Any CPU.ActiveCfg = Release|Any CPU
		{84564158-C1E8-4985-B9CE-E3300F8BAD8C}.Release|Any CPU.Build.0 = Release|Any CPU
	EndGlobalSection
	GlobalSection(SolutionProperties) = preSolution
		HideSolutionNode = FALSE
	EndGlobalSection
	GlobalSection(NestedProjects) = preSolution
		{C08432CA-DE89-4550-850C-682A77AB7953} = {D55C59AE-D5C9-42C4-A626-5F1FD54F3C80}
		{03AB9C6F-ADBF-49D8-B957-5A9C229C02B1} = {D55C59AE-D5C9-42C4-A626-5F1FD54F3C80}
		{C68CFF33-594D-40B0-9CD9-7AB18FCA8486} = {D55C59AE-D5C9-42C4-A626-5F1FD54F3C80}
		{82346639-FB33-468E-9BBE-12153506700A} = {D55C59AE-D5C9-42C4-A626-5F1FD54F3C80}
		{9DE821AE-A4B3-45EA-BFE3-3057CE75846B} = {D55C59AE-D5C9-42C4-A626-5F1FD54F3C80}
		{EC82777A-FC02-4874-BBE1-84F46415E799} = {D55C59AE-D5C9-42C4-A626-5F1FD54F3C80}
		{41F9D724-B454-4018-A220-5C4B37CB5D14} = {D55C59AE-D5C9-42C4-A626-5F1FD54F3C80}
		{84564158-C1E8-4985-B9CE-E3300F8BAD8C} = {D55C59AE-D5C9-42C4-A626-5F1FD54F3C80}
	EndGlobalSection
	GlobalSection(ExtensibilityGlobals) = postSolution
		SolutionGuid = {80C2E5C5-DABC-434D-8809-E8E15A0F452C}
	EndGlobalSection
EndGlobal
