
Microsoft Visual Studio Solution File, Format Version 12.00
# Visual Studio Version 16
VisualStudioVersion = 16.0.29021.104
MinimumVisualStudioVersion = 10.0.40219.1
Project("{9A19103F-16F7-4668-BE54-9A1E7A4F7556}") = "PixelBot.ReplayLog", "PixelBot.ReplayLog\PixelBot.ReplayLog.csproj", "{6FE137EF-158A-4154-A013-E53EB5C514BC}"
EndProject
Project("{9A19103F-16F7-4668-BE54-9A1E7A4F7556}") = "Quiltoni.PixelBot", "Quiltoni.PixelBot\Quiltoni.PixelBot.csproj", "{FD3DCC51-4E66-4914-B72B-306DD1F00002}"
EndProject
Global
	GlobalSection(SolutionConfigurationPlatforms) = preSolution
		Debug|Any CPU = Debug|Any CPU
		Release|Any CPU = Release|Any CPU
	EndGlobalSection
	GlobalSection(ProjectConfigurationPlatforms) = postSolution
		{6FE137EF-158A-4154-A013-E53EB5C514BC}.Debug|Any CPU.ActiveCfg = Debug|Any CPU
		{6FE137EF-158A-4154-A013-E53EB5C514BC}.Debug|Any CPU.Build.0 = Debug|Any CPU
		{6FE137EF-158A-4154-A013-E53EB5C514BC}.Release|Any CPU.ActiveCfg = Release|Any CPU
		{6FE137EF-158A-4154-A013-E53EB5C514BC}.Release|Any CPU.Build.0 = Release|Any CPU
		{FD3DCC51-4E66-4914-B72B-306DD1F00002}.Debug|Any CPU.ActiveCfg = Debug|Any CPU
		{FD3DCC51-4E66-4914-B72B-306DD1F00002}.Debug|Any CPU.Build.0 = Debug|Any CPU
		{FD3DCC51-4E66-4914-B72B-306DD1F00002}.Release|Any CPU.ActiveCfg = Release|Any CPU
		{FD3DCC51-4E66-4914-B72B-306DD1F00002}.Release|Any CPU.Build.0 = Release|Any CPU
	EndGlobalSection
	GlobalSection(SolutionProperties) = preSolution
		HideSolutionNode = FALSE
	EndGlobalSection
	GlobalSection(ExtensibilityGlobals) = postSolution
		SolutionGuid = {484CB3D9-60EF-46F2-B63C-CF632F45F034}
	EndGlobalSection
EndGlobal
